
Microsoft Visual Studio Solution File, Format Version 12.00
# Visual Studio Version 16
VisualStudioVersion = 16.0.29519.87
MinimumVisualStudioVersion = 10.0.40219.1
Project("{9A19103F-16F7-4668-BE54-9A1E7A4F7556}") = "AuthService", "AuthService\AuthService.csproj", "{56B34AC4-070C-4697-8E6C-3565DAB536F5}"
EndProject
Project("{9A19103F-16F7-4668-BE54-9A1E7A4F7556}") = "StudentService", "StudentService\StudentService.csproj", "{51B5019D-4449-4902-81E2-E8D6707CA85E}"
EndProject
Project("{9A19103F-16F7-4668-BE54-9A1E7A4F7556}") = "AdminService", "AdminService\AdminService.csproj", "{1557D2BB-516D-4779-B723-8066943DDAE5}"
EndProject
Project("{9A19103F-16F7-4668-BE54-9A1E7A4F7556}") = "MentorService", "MentorService\MentorService.csproj", "{AE4B2CB5-EA7B-4C48-BD21-C6683B12F9E3}"
EndProject
Project("{9A19103F-16F7-4668-BE54-9A1E7A4F7556}") = "AuthLibrary", "AuthLibrary\AuthLibrary.csproj", "{20D2246C-1A20-4C42-9873-A70ADF3FFC96}"
EndProject
Project("{9A19103F-16F7-4668-BE54-9A1E7A4F7556}") = "AdminLibrary", "AdminLibrary\AdminLibrary.csproj", "{FC3AD0CD-886A-420A-8242-1B541526E15D}"
EndProject
Project("{9A19103F-16F7-4668-BE54-9A1E7A4F7556}") = "MentorLibrary", "MentorLibrary\MentorLibrary.csproj", "{E085D9F4-37C8-48FB-8236-26E3BC890385}"
EndProject
Project("{9A19103F-16F7-4668-BE54-9A1E7A4F7556}") = "StudentLibrary", "StudentLibrary\StudentLibrary.csproj", "{019B1085-6EBD-4AE0-8526-92567174737D}"
EndProject
Project("{9A19103F-16F7-4668-BE54-9A1E7A4F7556}") = "APIGateway", "APIGateway\APIGateway.csproj", "{62565616-B5DE-465C-883C-AF8C896B680A}"
	ProjectSection(ProjectDependencies) = postProject
		{51B5019D-4449-4902-81E2-E8D6707CA85E} = {51B5019D-4449-4902-81E2-E8D6707CA85E}
		{AE4B2CB5-EA7B-4C48-BD21-C6683B12F9E3} = {AE4B2CB5-EA7B-4C48-BD21-C6683B12F9E3}
		{1557D2BB-516D-4779-B723-8066943DDAE5} = {1557D2BB-516D-4779-B723-8066943DDAE5}
		{56B34AC4-070C-4697-8E6C-3565DAB536F5} = {56B34AC4-070C-4697-8E6C-3565DAB536F5}
	EndProjectSection
EndProject
Global
	GlobalSection(SolutionConfigurationPlatforms) = preSolution
		Debug|Any CPU = Debug|Any CPU
		Release|Any CPU = Release|Any CPU
	EndGlobalSection
	GlobalSection(ProjectConfigurationPlatforms) = postSolution
		{56B34AC4-070C-4697-8E6C-3565DAB536F5}.Debug|Any CPU.ActiveCfg = Debug|Any CPU
		{56B34AC4-070C-4697-8E6C-3565DAB536F5}.Debug|Any CPU.Build.0 = Debug|Any CPU
		{56B34AC4-070C-4697-8E6C-3565DAB536F5}.Release|Any CPU.ActiveCfg = Release|Any CPU
		{56B34AC4-070C-4697-8E6C-3565DAB536F5}.Release|Any CPU.Build.0 = Release|Any CPU
		{51B5019D-4449-4902-81E2-E8D6707CA85E}.Debug|Any CPU.ActiveCfg = Debug|Any CPU
		{51B5019D-4449-4902-81E2-E8D6707CA85E}.Debug|Any CPU.Build.0 = Debug|Any CPU
		{51B5019D-4449-4902-81E2-E8D6707CA85E}.Release|Any CPU.ActiveCfg = Release|Any CPU
		{51B5019D-4449-4902-81E2-E8D6707CA85E}.Release|Any CPU.Build.0 = Release|Any CPU
		{1557D2BB-516D-4779-B723-8066943DDAE5}.Debug|Any CPU.ActiveCfg = Debug|Any CPU
		{1557D2BB-516D-4779-B723-8066943DDAE5}.Debug|Any CPU.Build.0 = Debug|Any CPU
		{1557D2BB-516D-4779-B723-8066943DDAE5}.Release|Any CPU.ActiveCfg = Release|Any CPU
		{1557D2BB-516D-4779-B723-8066943DDAE5}.Release|Any CPU.Build.0 = Release|Any CPU
		{AE4B2CB5-EA7B-4C48-BD21-C6683B12F9E3}.Debug|Any CPU.ActiveCfg = Debug|Any CPU
		{AE4B2CB5-EA7B-4C48-BD21-C6683B12F9E3}.Debug|Any CPU.Build.0 = Debug|Any CPU
		{AE4B2CB5-EA7B-4C48-BD21-C6683B12F9E3}.Release|Any CPU.ActiveCfg = Release|Any CPU
		{AE4B2CB5-EA7B-4C48-BD21-C6683B12F9E3}.Release|Any CPU.Build.0 = Release|Any CPU
		{20D2246C-1A20-4C42-9873-A70ADF3FFC96}.Debug|Any CPU.ActiveCfg = Debug|Any CPU
		{20D2246C-1A20-4C42-9873-A70ADF3FFC96}.Debug|Any CPU.Build.0 = Debug|Any CPU
		{20D2246C-1A20-4C42-9873-A70ADF3FFC96}.Release|Any CPU.ActiveCfg = Release|Any CPU
		{20D2246C-1A20-4C42-9873-A70ADF3FFC96}.Release|Any CPU.Build.0 = Release|Any CPU
		{FC3AD0CD-886A-420A-8242-1B541526E15D}.Debug|Any CPU.ActiveCfg = Debug|Any CPU
		{FC3AD0CD-886A-420A-8242-1B541526E15D}.Debug|Any CPU.Build.0 = Debug|Any CPU
		{FC3AD0CD-886A-420A-8242-1B541526E15D}.Release|Any CPU.ActiveCfg = Release|Any CPU
		{FC3AD0CD-886A-420A-8242-1B541526E15D}.Release|Any CPU.Build.0 = Release|Any CPU
		{E085D9F4-37C8-48FB-8236-26E3BC890385}.Debug|Any CPU.ActiveCfg = Debug|Any CPU
		{E085D9F4-37C8-48FB-8236-26E3BC890385}.Debug|Any CPU.Build.0 = Debug|Any CPU
		{E085D9F4-37C8-48FB-8236-26E3BC890385}.Release|Any CPU.ActiveCfg = Release|Any CPU
		{E085D9F4-37C8-48FB-8236-26E3BC890385}.Release|Any CPU.Build.0 = Release|Any CPU
		{019B1085-6EBD-4AE0-8526-92567174737D}.Debug|Any CPU.ActiveCfg = Debug|Any CPU
		{019B1085-6EBD-4AE0-8526-92567174737D}.Debug|Any CPU.Build.0 = Debug|Any CPU
		{019B1085-6EBD-4AE0-8526-92567174737D}.Release|Any CPU.ActiveCfg = Release|Any CPU
		{019B1085-6EBD-4AE0-8526-92567174737D}.Release|Any CPU.Build.0 = Release|Any CPU
		{62565616-B5DE-465C-883C-AF8C896B680A}.Debug|Any CPU.ActiveCfg = Debug|Any CPU
		{62565616-B5DE-465C-883C-AF8C896B680A}.Debug|Any CPU.Build.0 = Debug|Any CPU
		{62565616-B5DE-465C-883C-AF8C896B680A}.Release|Any CPU.ActiveCfg = Release|Any CPU
		{62565616-B5DE-465C-883C-AF8C896B680A}.Release|Any CPU.Build.0 = Release|Any CPU
	EndGlobalSection
	GlobalSection(SolutionProperties) = preSolution
		HideSolutionNode = FALSE
	EndGlobalSection
	GlobalSection(ExtensibilityGlobals) = postSolution
		SolutionGuid = {13C342EE-2E80-4A9B-BA74-B8921C910ACD}
	EndGlobalSection
EndGlobal
